// !$*UTF8*$!
{
	archiveVersion = 1;
	classes = {
	};
	objectVersion = 55;
	objects = {

/* Begin PBXBuildFile section */
		0E3A12CC284F074600B561F3 /* AppDelegate.swift in Sources */ = {isa = PBXBuildFile; fileRef = 0E3A12CB284F074600B561F3 /* AppDelegate.swift */; };
		0E3A12CE284F074600B561F3 /* SceneDelegate.swift in Sources */ = {isa = PBXBuildFile; fileRef = 0E3A12CD284F074600B561F3 /* SceneDelegate.swift */; };
		0E3A12D5284F074700B561F3 /* Assets.xcassets in Resources */ = {isa = PBXBuildFile; fileRef = 0E3A12D4284F074700B561F3 /* Assets.xcassets */; };
		0E3A12D8284F074700B561F3 /* LaunchScreen.storyboard in Resources */ = {isa = PBXBuildFile; fileRef = 0E3A12D6284F074700B561F3 /* LaunchScreen.storyboard */; };
		0E46E89C2850D7F00078CEF9 /* AppItemStackView.swift in Sources */ = {isa = PBXBuildFile; fileRef = 0E46E89B2850D7EF0078CEF9 /* AppItemStackView.swift */; };
		0E46E89F2850E7930078CEF9 /* AppCollectionViewHeader.swift in Sources */ = {isa = PBXBuildFile; fileRef = 0E46E89E2850E7930078CEF9 /* AppCollectionViewHeader.swift */; };
		0E5FCC68285039AA00A124FB /* AppCollectionViewHeaderCell.swift in Sources */ = {isa = PBXBuildFile; fileRef = 0E5FCC67285039AA00A124FB /* AppCollectionViewHeaderCell.swift */; };
		0E6FDCA7284F091E0054E07C /* BaseTabBarController.swift in Sources */ = {isa = PBXBuildFile; fileRef = 0E6FDCA6284F091E0054E07C /* BaseTabBarController.swift */; };
		0E6FDCA9284F09DB0054E07C /* TodayViewController.swift in Sources */ = {isa = PBXBuildFile; fileRef = 0E6FDCA8284F09DB0054E07C /* TodayViewController.swift */; };
		0E6FDCAB284F09E90054E07C /* AppViewController.swift in Sources */ = {isa = PBXBuildFile; fileRef = 0E6FDCAA284F09E90054E07C /* AppViewController.swift */; };
		0E6FDCAD284F09F70054E07C /* SearchViewController.swift in Sources */ = {isa = PBXBuildFile; fileRef = 0E6FDCAC284F09F70054E07C /* SearchViewController.swift */; };
		0E6FDCB0284F0CCA0054E07C /* APICaller.swift in Sources */ = {isa = PBXBuildFile; fileRef = 0E6FDCAF284F0CCA0054E07C /* APICaller.swift */; };
		0E6FDCB4284F10FD0054E07C /* AppSingleListCollectionViewCell.swift in Sources */ = {isa = PBXBuildFile; fileRef = 0E6FDCB3284F10FD0054E07C /* AppSingleListCollectionViewCell.swift */; };
		0E6FDCB6284F11DD0054E07C /* AppListCollectionViewCell.swift in Sources */ = {isa = PBXBuildFile; fileRef = 0E6FDCB5284F11DD0054E07C /* AppListCollectionViewCell.swift */; };
		0E6FDCB9284F1CF40054E07C /* extension.swift in Sources */ = {isa = PBXBuildFile; fileRef = 0E6FDCB8284F1CF40054E07C /* extension.swift */; };
		0E73D9932851930B009E0B82 /* AppRankingModel.swift in Sources */ = {isa = PBXBuildFile; fileRef = 0E73D9922851930B009E0B82 /* AppRankingModel.swift */; };
		0E73D99628519BCC009E0B82 /* AppRankingViewModel.swift in Sources */ = {isa = PBXBuildFile; fileRef = 0E73D99528519BCC009E0B82 /* AppRankingViewModel.swift */; };
		9EC8E07A62E7AD7E52AA5685 /* Pods_AppStoreClone.framework in Frameworks */ = {isa = PBXBuildFile; fileRef = 331DE2DE9A7D04E39AA32CC8 /* Pods_AppStoreClone.framework */; };
/* End PBXBuildFile section */

/* Begin PBXFileReference section */
		0E3A12C8284F074600B561F3 /* AppStoreClone.app */ = {isa = PBXFileReference; explicitFileType = wrapper.application; includeInIndex = 0; path = AppStoreClone.app; sourceTree = BUILT_PRODUCTS_DIR; };
		0E3A12CB284F074600B561F3 /* AppDelegate.swift */ = {isa = PBXFileReference; lastKnownFileType = sourcecode.swift; path = AppDelegate.swift; sourceTree = "<group>"; };
		0E3A12CD284F074600B561F3 /* SceneDelegate.swift */ = {isa = PBXFileReference; lastKnownFileType = sourcecode.swift; path = SceneDelegate.swift; sourceTree = "<group>"; };
		0E3A12D4284F074700B561F3 /* Assets.xcassets */ = {isa = PBXFileReference; lastKnownFileType = folder.assetcatalog; path = Assets.xcassets; sourceTree = "<group>"; };
		0E3A12D7284F074700B561F3 /* Base */ = {isa = PBXFileReference; lastKnownFileType = file.storyboard; name = Base; path = Base.lproj/LaunchScreen.storyboard; sourceTree = "<group>"; };
		0E3A12D9284F074700B561F3 /* Info.plist */ = {isa = PBXFileReference; lastKnownFileType = text.plist.xml; path = Info.plist; sourceTree = "<group>"; };
		0E46E89B2850D7EF0078CEF9 /* AppItemStackView.swift */ = {isa = PBXFileReference; lastKnownFileType = sourcecode.swift; path = AppItemStackView.swift; sourceTree = "<group>"; };
		0E46E89E2850E7930078CEF9 /* AppCollectionViewHeader.swift */ = {isa = PBXFileReference; lastKnownFileType = sourcecode.swift; path = AppCollectionViewHeader.swift; sourceTree = "<group>"; };
		0E5FCC67285039AA00A124FB /* AppCollectionViewHeaderCell.swift */ = {isa = PBXFileReference; lastKnownFileType = sourcecode.swift; path = AppCollectionViewHeaderCell.swift; sourceTree = "<group>"; };
		0E6FDCA6284F091E0054E07C /* BaseTabBarController.swift */ = {isa = PBXFileReference; lastKnownFileType = sourcecode.swift; path = BaseTabBarController.swift; sourceTree = "<group>"; };
		0E6FDCA8284F09DB0054E07C /* TodayViewController.swift */ = {isa = PBXFileReference; lastKnownFileType = sourcecode.swift; path = TodayViewController.swift; sourceTree = "<group>"; };
		0E6FDCAA284F09E90054E07C /* AppViewController.swift */ = {isa = PBXFileReference; lastKnownFileType = sourcecode.swift; path = AppViewController.swift; sourceTree = "<group>"; };
		0E6FDCAC284F09F70054E07C /* SearchViewController.swift */ = {isa = PBXFileReference; lastKnownFileType = sourcecode.swift; path = SearchViewController.swift; sourceTree = "<group>"; };
		0E6FDCAF284F0CCA0054E07C /* APICaller.swift */ = {isa = PBXFileReference; lastKnownFileType = sourcecode.swift; path = APICaller.swift; sourceTree = "<group>"; };
		0E6FDCB3284F10FD0054E07C /* AppSingleListCollectionViewCell.swift */ = {isa = PBXFileReference; lastKnownFileType = sourcecode.swift; path = AppSingleListCollectionViewCell.swift; sourceTree = "<group>"; };
		0E6FDCB5284F11DD0054E07C /* AppListCollectionViewCell.swift */ = {isa = PBXFileReference; lastKnownFileType = sourcecode.swift; path = AppListCollectionViewCell.swift; sourceTree = "<group>"; };
		0E6FDCB8284F1CF40054E07C /* extension.swift */ = {isa = PBXFileReference; lastKnownFileType = sourcecode.swift; path = extension.swift; sourceTree = "<group>"; };
		0E73D9922851930B009E0B82 /* AppRankingModel.swift */ = {isa = PBXFileReference; lastKnownFileType = sourcecode.swift; path = AppRankingModel.swift; sourceTree = "<group>"; };
		0E73D99528519BCC009E0B82 /* AppRankingViewModel.swift */ = {isa = PBXFileReference; lastKnownFileType = sourcecode.swift; path = AppRankingViewModel.swift; sourceTree = "<group>"; };
		331DE2DE9A7D04E39AA32CC8 /* Pods_AppStoreClone.framework */ = {isa = PBXFileReference; explicitFileType = wrapper.framework; includeInIndex = 0; path = Pods_AppStoreClone.framework; sourceTree = BUILT_PRODUCTS_DIR; };
		423CF316F8DC677A316C24E6 /* Pods-AppStoreClone.release.xcconfig */ = {isa = PBXFileReference; includeInIndex = 1; lastKnownFileType = text.xcconfig; name = "Pods-AppStoreClone.release.xcconfig"; path = "Target Support Files/Pods-AppStoreClone/Pods-AppStoreClone.release.xcconfig"; sourceTree = "<group>"; };
		B4DD45E57CBEE4D98DF1E267 /* Pods-AppStoreClone.debug.xcconfig */ = {isa = PBXFileReference; includeInIndex = 1; lastKnownFileType = text.xcconfig; name = "Pods-AppStoreClone.debug.xcconfig"; path = "Target Support Files/Pods-AppStoreClone/Pods-AppStoreClone.debug.xcconfig"; sourceTree = "<group>"; };
/* End PBXFileReference section */

/* Begin PBXFrameworksBuildPhase section */
		0E3A12C5284F074600B561F3 /* Frameworks */ = {
			isa = PBXFrameworksBuildPhase;
			buildActionMask = 2147483647;
			files = (
				9EC8E07A62E7AD7E52AA5685 /* Pods_AppStoreClone.framework in Frameworks */,
			);
			runOnlyForDeploymentPostprocessing = 0;
		};
/* End PBXFrameworksBuildPhase section */

/* Begin PBXGroup section */
		0E3A12BF284F074600B561F3 = {
			isa = PBXGroup;
			children = (
				0E3A12CA284F074600B561F3 /* AppStoreClone */,
				0E3A12C9284F074600B561F3 /* Products */,
				51970D8E5B00E841DDB4A4DE /* Pods */,
				62A52D002CDBEC09A0967C4E /* Frameworks */,
			);
			sourceTree = "<group>";
		};
		0E3A12C9284F074600B561F3 /* Products */ = {
			isa = PBXGroup;
			children = (
				0E3A12C8284F074600B561F3 /* AppStoreClone.app */,
			);
			name = Products;
			sourceTree = "<group>";
		};
		0E3A12CA284F074600B561F3 /* AppStoreClone */ = {
			isa = PBXGroup;
			children = (
				0E73D99428519BC1009E0B82 /* ViewModel */,
				0E73D99128518F58009E0B82 /* Model */,
				0E6FDCB7284F1CEC0054E07C /* Helper */,
				0E6FDCB1284F105C0054E07C /* View */,
				0E6FDCAE284F0CC10054E07C /* Serviece */,
				0E6FDCA5284F09090054E07C /* Controller */,
				0E3A12CB284F074600B561F3 /* AppDelegate.swift */,
				0E3A12CD284F074600B561F3 /* SceneDelegate.swift */,
				0E3A12D4284F074700B561F3 /* Assets.xcassets */,
				0E3A12D6284F074700B561F3 /* LaunchScreen.storyboard */,
				0E3A12D9284F074700B561F3 /* Info.plist */,
			);
			path = AppStoreClone;
			sourceTree = "<group>";
		};
		0E46E89D2850DE780078CEF9 /* Reusable */ = {
			isa = PBXGroup;
			children = (
				0E46E89B2850D7EF0078CEF9 /* AppItemStackView.swift */,
			);
			path = Reusable;
			sourceTree = "<group>";
		};
		0E6FDCA5284F09090054E07C /* Controller */ = {
			isa = PBXGroup;
			children = (
				0E6FDCA6284F091E0054E07C /* BaseTabBarController.swift */,
				0E6FDCA8284F09DB0054E07C /* TodayViewController.swift */,
				0E6FDCAA284F09E90054E07C /* AppViewController.swift */,
				0E6FDCAC284F09F70054E07C /* SearchViewController.swift */,
			);
			path = Controller;
			sourceTree = "<group>";
		};
		0E6FDCAE284F0CC10054E07C /* Serviece */ = {
			isa = PBXGroup;
			children = (
				0E6FDCAF284F0CCA0054E07C /* APICaller.swift */,
			);
			path = Serviece;
			sourceTree = "<group>";
		};
		0E6FDCB1284F105C0054E07C /* View */ = {
			isa = PBXGroup;
			children = (
				0E46E89D2850DE780078CEF9 /* Reusable */,
				0E6FDCB2284F10600054E07C /* AppViewController */,
			);
			path = View;
			sourceTree = "<group>";
		};
		0E6FDCB2284F10600054E07C /* AppViewController */ = {
			isa = PBXGroup;
			children = (
				0E6FDCB3284F10FD0054E07C /* AppSingleListCollectionViewCell.swift */,
				0E6FDCB5284F11DD0054E07C /* AppListCollectionViewCell.swift */,
				0E5FCC67285039AA00A124FB /* AppCollectionViewHeaderCell.swift */,
				0E46E89E2850E7930078CEF9 /* AppCollectionViewHeader.swift */,
			);
			path = AppViewController;
			sourceTree = "<group>";
		};
		0E6FDCB7284F1CEC0054E07C /* Helper */ = {
			isa = PBXGroup;
			children = (
				0E6FDCB8284F1CF40054E07C /* extension.swift */,
			);
			path = Helper;
			sourceTree = "<group>";
		};
		0E73D99128518F58009E0B82 /* Model */ = {
			isa = PBXGroup;
			children = (
				0E73D9922851930B009E0B82 /* AppRankingModel.swift */,
			);
			path = Model;
			sourceTree = "<group>";
		};
		0E73D99428519BC1009E0B82 /* ViewModel */ = {
			isa = PBXGroup;
			children = (
				0E73D99528519BCC009E0B82 /* AppRankingViewModel.swift */,
			);
			path = ViewModel;
			sourceTree = "<group>";
		};
		51970D8E5B00E841DDB4A4DE /* Pods */ = {
			isa = PBXGroup;
			children = (
				B4DD45E57CBEE4D98DF1E267 /* Pods-AppStoreClone.debug.xcconfig */,
				423CF316F8DC677A316C24E6 /* Pods-AppStoreClone.release.xcconfig */,
			);
			path = Pods;
			sourceTree = "<group>";
		};
		62A52D002CDBEC09A0967C4E /* Frameworks */ = {
			isa = PBXGroup;
			children = (
				331DE2DE9A7D04E39AA32CC8 /* Pods_AppStoreClone.framework */,
			);
			name = Frameworks;
			sourceTree = "<group>";
		};
/* End PBXGroup section */

/* Begin PBXNativeTarget section */
		0E3A12C7284F074600B561F3 /* AppStoreClone */ = {
			isa = PBXNativeTarget;
			buildConfigurationList = 0E3A12DC284F074700B561F3 /* Build configuration list for PBXNativeTarget "AppStoreClone" */;
			buildPhases = (
				B94E29B0842B703813A43C82 /* [CP] Check Pods Manifest.lock */,
				0E3A12C4284F074600B561F3 /* Sources */,
				0E3A12C5284F074600B561F3 /* Frameworks */,
				0E3A12C6284F074600B561F3 /* Resources */,
				0E9E954181C81B19AE9BB86E /* [CP] Embed Pods Frameworks */,
			);
			buildRules = (
			);
			dependencies = (
			);
			name = AppStoreClone;
			productName = AppStoreClone;
			productReference = 0E3A12C8284F074600B561F3 /* AppStoreClone.app */;
			productType = "com.apple.product-type.application";
		};
/* End PBXNativeTarget section */

/* Begin PBXProject section */
		0E3A12C0284F074600B561F3 /* Project object */ = {
			isa = PBXProject;
			attributes = {
				BuildIndependentTargetsInParallel = 1;
				LastSwiftUpdateCheck = 1330;
				LastUpgradeCheck = 1330;
				TargetAttributes = {
					0E3A12C7284F074600B561F3 = {
						CreatedOnToolsVersion = 13.3.1;
					};
				};
			};
			buildConfigurationList = 0E3A12C3284F074600B561F3 /* Build configuration list for PBXProject "AppStoreClone" */;
			compatibilityVersion = "Xcode 13.0";
			developmentRegion = en;
			hasScannedForEncodings = 0;
			knownRegions = (
				en,
				Base,
			);
			mainGroup = 0E3A12BF284F074600B561F3;
			productRefGroup = 0E3A12C9284F074600B561F3 /* Products */;
			projectDirPath = "";
			projectRoot = "";
			targets = (
				0E3A12C7284F074600B561F3 /* AppStoreClone */,
			);
		};
/* End PBXProject section */

/* Begin PBXResourcesBuildPhase section */
		0E3A12C6284F074600B561F3 /* Resources */ = {
			isa = PBXResourcesBuildPhase;
			buildActionMask = 2147483647;
			files = (
				0E3A12D8284F074700B561F3 /* LaunchScreen.storyboard in Resources */,
				0E3A12D5284F074700B561F3 /* Assets.xcassets in Resources */,
			);
			runOnlyForDeploymentPostprocessing = 0;
		};
/* End PBXResourcesBuildPhase section */

/* Begin PBXShellScriptBuildPhase section */
		0E9E954181C81B19AE9BB86E /* [CP] Embed Pods Frameworks */ = {
			isa = PBXShellScriptBuildPhase;
			buildActionMask = 2147483647;
			files = (
			);
			inputFileListPaths = (
				"${PODS_ROOT}/Target Support Files/Pods-AppStoreClone/Pods-AppStoreClone-frameworks-${CONFIGURATION}-input-files.xcfilelist",
			);
			name = "[CP] Embed Pods Frameworks";
			outputFileListPaths = (
				"${PODS_ROOT}/Target Support Files/Pods-AppStoreClone/Pods-AppStoreClone-frameworks-${CONFIGURATION}-output-files.xcfilelist",
			);
			runOnlyForDeploymentPostprocessing = 0;
			shellPath = /bin/sh;
			shellScript = "\"${PODS_ROOT}/Target Support Files/Pods-AppStoreClone/Pods-AppStoreClone-frameworks.sh\"\n";
			showEnvVarsInLog = 0;
		};
		B94E29B0842B703813A43C82 /* [CP] Check Pods Manifest.lock */ = {
			isa = PBXShellScriptBuildPhase;
			buildActionMask = 2147483647;
			files = (
			);
			inputFileListPaths = (
			);
			inputPaths = (
				"${PODS_PODFILE_DIR_PATH}/Podfile.lock",
				"${PODS_ROOT}/Manifest.lock",
			);
			name = "[CP] Check Pods Manifest.lock";
			outputFileListPaths = (
			);
			outputPaths = (
				"$(DERIVED_FILE_DIR)/Pods-AppStoreClone-checkManifestLockResult.txt",
			);
			runOnlyForDeploymentPostprocessing = 0;
			shellPath = /bin/sh;
			shellScript = "diff \"${PODS_PODFILE_DIR_PATH}/Podfile.lock\" \"${PODS_ROOT}/Manifest.lock\" > /dev/null\nif [ $? != 0 ] ; then\n    # print error to STDERR\n    echo \"error: The sandbox is not in sync with the Podfile.lock. Run 'pod install' or update your CocoaPods installation.\" >&2\n    exit 1\nfi\n# This output is used by Xcode 'outputs' to avoid re-running this script phase.\necho \"SUCCESS\" > \"${SCRIPT_OUTPUT_FILE_0}\"\n";
			showEnvVarsInLog = 0;
		};
/* End PBXShellScriptBuildPhase section */

/* Begin PBXSourcesBuildPhase section */
		0E3A12C4284F074600B561F3 /* Sources */ = {
			isa = PBXSourcesBuildPhase;
			buildActionMask = 2147483647;
			files = (
				0E73D9932851930B009E0B82 /* AppRankingModel.swift in Sources */,
				0E6FDCAD284F09F70054E07C /* SearchViewController.swift in Sources */,
				0E73D99628519BCC009E0B82 /* AppRankingViewModel.swift in Sources */,
				0E6FDCAB284F09E90054E07C /* AppViewController.swift in Sources */,
				0E46E89C2850D7F00078CEF9 /* AppItemStackView.swift in Sources */,
				0E6FDCA9284F09DB0054E07C /* TodayViewController.swift in Sources */,
				0E6FDCB9284F1CF40054E07C /* extension.swift in Sources */,
				0E5FCC68285039AA00A124FB /* AppCollectionViewHeaderCell.swift in Sources */,
				0E6FDCB0284F0CCA0054E07C /* APICaller.swift in Sources */,
				0E3A12CC284F074600B561F3 /* AppDelegate.swift in Sources */,
				0E3A12CE284F074600B561F3 /* SceneDelegate.swift in Sources */,
				0E6FDCB4284F10FD0054E07C /* AppSingleListCollectionViewCell.swift in Sources */,
				0E6FDCA7284F091E0054E07C /* BaseTabBarController.swift in Sources */,
				0E46E89F2850E7930078CEF9 /* AppCollectionViewHeader.swift in Sources */,
				0E6FDCB6284F11DD0054E07C /* AppListCollectionViewCell.swift in Sources */,
			);
			runOnlyForDeploymentPostprocessing = 0;
		};
/* End PBXSourcesBuildPhase section */

/* Begin PBXVariantGroup section */
		0E3A12D6284F074700B561F3 /* LaunchScreen.storyboard */ = {
			isa = PBXVariantGroup;
			children = (
				0E3A12D7284F074700B561F3 /* Base */,
			);
			name = LaunchScreen.storyboard;
			sourceTree = "<group>";
		};
/* End PBXVariantGroup section */

/* Begin XCBuildConfiguration section */
		0E3A12DA284F074700B561F3 /* Debug */ = {
			isa = XCBuildConfiguration;
			buildSettings = {
				ALWAYS_SEARCH_USER_PATHS = NO;
				CLANG_ANALYZER_NONNULL = YES;
				CLANG_ANALYZER_NUMBER_OBJECT_CONVERSION = YES_AGGRESSIVE;
				CLANG_CXX_LANGUAGE_STANDARD = "gnu++17";
				CLANG_ENABLE_MODULES = YES;
				CLANG_ENABLE_OBJC_ARC = YES;
				CLANG_ENABLE_OBJC_WEAK = YES;
				CLANG_WARN_BLOCK_CAPTURE_AUTORELEASING = YES;
				CLANG_WARN_BOOL_CONVERSION = YES;
				CLANG_WARN_COMMA = YES;
				CLANG_WARN_CONSTANT_CONVERSION = YES;
				CLANG_WARN_DEPRECATED_OBJC_IMPLEMENTATIONS = YES;
				CLANG_WARN_DIRECT_OBJC_ISA_USAGE = YES_ERROR;
				CLANG_WARN_DOCUMENTATION_COMMENTS = YES;
				CLANG_WARN_EMPTY_BODY = YES;
				CLANG_WARN_ENUM_CONVERSION = YES;
				CLANG_WARN_INFINITE_RECURSION = YES;
				CLANG_WARN_INT_CONVERSION = YES;
				CLANG_WARN_NON_LITERAL_NULL_CONVERSION = YES;
				CLANG_WARN_OBJC_IMPLICIT_RETAIN_SELF = YES;
				CLANG_WARN_OBJC_LITERAL_CONVERSION = YES;
				CLANG_WARN_OBJC_ROOT_CLASS = YES_ERROR;
				CLANG_WARN_QUOTED_INCLUDE_IN_FRAMEWORK_HEADER = YES;
				CLANG_WARN_RANGE_LOOP_ANALYSIS = YES;
				CLANG_WARN_STRICT_PROTOTYPES = YES;
				CLANG_WARN_SUSPICIOUS_MOVE = YES;
				CLANG_WARN_UNGUARDED_AVAILABILITY = YES_AGGRESSIVE;
				CLANG_WARN_UNREACHABLE_CODE = YES;
				CLANG_WARN__DUPLICATE_METHOD_MATCH = YES;
				COPY_PHASE_STRIP = NO;
				DEBUG_INFORMATION_FORMAT = dwarf;
				ENABLE_STRICT_OBJC_MSGSEND = YES;
				ENABLE_TESTABILITY = YES;
				GCC_C_LANGUAGE_STANDARD = gnu11;
				GCC_DYNAMIC_NO_PIC = NO;
				GCC_NO_COMMON_BLOCKS = YES;
				GCC_OPTIMIZATION_LEVEL = 0;
				GCC_PREPROCESSOR_DEFINITIONS = (
					"DEBUG=1",
					"$(inherited)",
				);
				GCC_WARN_64_TO_32_BIT_CONVERSION = YES;
				GCC_WARN_ABOUT_RETURN_TYPE = YES_ERROR;
				GCC_WARN_UNDECLARED_SELECTOR = YES;
				GCC_WARN_UNINITIALIZED_AUTOS = YES_AGGRESSIVE;
				GCC_WARN_UNUSED_FUNCTION = YES;
				GCC_WARN_UNUSED_VARIABLE = YES;
				IPHONEOS_DEPLOYMENT_TARGET = 13.0;
				MTL_ENABLE_DEBUG_INFO = INCLUDE_SOURCE;
				MTL_FAST_MATH = YES;
				ONLY_ACTIVE_ARCH = YES;
				SDKROOT = iphoneos;
				SWIFT_ACTIVE_COMPILATION_CONDITIONS = DEBUG;
				SWIFT_OPTIMIZATION_LEVEL = "-Onone";
			};
			name = Debug;
		};
		0E3A12DB284F074700B561F3 /* Release */ = {
			isa = XCBuildConfiguration;
			buildSettings = {
				ALWAYS_SEARCH_USER_PATHS = NO;
				CLANG_ANALYZER_NONNULL = YES;
				CLANG_ANALYZER_NUMBER_OBJECT_CONVERSION = YES_AGGRESSIVE;
				CLANG_CXX_LANGUAGE_STANDARD = "gnu++17";
				CLANG_ENABLE_MODULES = YES;
				CLANG_ENABLE_OBJC_ARC = YES;
				CLANG_ENABLE_OBJC_WEAK = YES;
				CLANG_WARN_BLOCK_CAPTURE_AUTORELEASING = YES;
				CLANG_WARN_BOOL_CONVERSION = YES;
				CLANG_WARN_COMMA = YES;
				CLANG_WARN_CONSTANT_CONVERSION = YES;
				CLANG_WARN_DEPRECATED_OBJC_IMPLEMENTATIONS = YES;
				CLANG_WARN_DIRECT_OBJC_ISA_USAGE = YES_ERROR;
				CLANG_WARN_DOCUMENTATION_COMMENTS = YES;
				CLANG_WARN_EMPTY_BODY = YES;
				CLANG_WARN_ENUM_CONVERSION = YES;
				CLANG_WARN_INFINITE_RECURSION = YES;
				CLANG_WARN_INT_CONVERSION = YES;
				CLANG_WARN_NON_LITERAL_NULL_CONVERSION = YES;
				CLANG_WARN_OBJC_IMPLICIT_RETAIN_SELF = YES;
				CLANG_WARN_OBJC_LITERAL_CONVERSION = YES;
				CLANG_WARN_OBJC_ROOT_CLASS = YES_ERROR;
				CLANG_WARN_QUOTED_INCLUDE_IN_FRAMEWORK_HEADER = YES;
				CLANG_WARN_RANGE_LOOP_ANALYSIS = YES;
				CLANG_WARN_STRICT_PROTOTYPES = YES;
				CLANG_WARN_SUSPICIOUS_MOVE = YES;
				CLANG_WARN_UNGUARDED_AVAILABILITY = YES_AGGRESSIVE;
				CLANG_WARN_UNREACHABLE_CODE = YES;
				CLANG_WARN__DUPLICATE_METHOD_MATCH = YES;
				COPY_PHASE_STRIP = NO;
				DEBUG_INFORMATION_FORMAT = "dwarf-with-dsym";
				ENABLE_NS_ASSERTIONS = NO;
				ENABLE_STRICT_OBJC_MSGSEND = YES;
				GCC_C_LANGUAGE_STANDARD = gnu11;
				GCC_NO_COMMON_BLOCKS = YES;
				GCC_WARN_64_TO_32_BIT_CONVERSION = YES;
				GCC_WARN_ABOUT_RETURN_TYPE = YES_ERROR;
				GCC_WARN_UNDECLARED_SELECTOR = YES;
				GCC_WARN_UNINITIALIZED_AUTOS = YES_AGGRESSIVE;
				GCC_WARN_UNUSED_FUNCTION = YES;
				GCC_WARN_UNUSED_VARIABLE = YES;
				IPHONEOS_DEPLOYMENT_TARGET = 13.0;
				MTL_ENABLE_DEBUG_INFO = NO;
				MTL_FAST_MATH = YES;
				SDKROOT = iphoneos;
				SWIFT_COMPILATION_MODE = wholemodule;
				SWIFT_OPTIMIZATION_LEVEL = "-O";
				VALIDATE_PRODUCT = YES;
			};
			name = Release;
		};
		0E3A12DD284F074700B561F3 /* Debug */ = {
			isa = XCBuildConfiguration;
			baseConfigurationReference = B4DD45E57CBEE4D98DF1E267 /* Pods-AppStoreClone.debug.xcconfig */;
			buildSettings = {
				ASSETCATALOG_COMPILER_APPICON_NAME = AppIcon;
				ASSETCATALOG_COMPILER_GLOBAL_ACCENT_COLOR_NAME = AccentColor;
				CODE_SIGN_STYLE = Automatic;
				CURRENT_PROJECT_VERSION = 1;
				DEVELOPMENT_TEAM = 8PRV428ULN;
				GENERATE_INFOPLIST_FILE = YES;
				INFOPLIST_FILE = AppStoreClone/Info.plist;
				INFOPLIST_KEY_UIApplicationSupportsIndirectInputEvents = YES;
				INFOPLIST_KEY_UILaunchStoryboardName = LaunchScreen;
				INFOPLIST_KEY_UISupportedInterfaceOrientations_iPad = "UIInterfaceOrientationPortrait UIInterfaceOrientationPortraitUpsideDown UIInterfaceOrientationLandscapeLeft UIInterfaceOrientationLandscapeRight";
				INFOPLIST_KEY_UISupportedInterfaceOrientations_iPhone = "UIInterfaceOrientationPortrait UIInterfaceOrientationLandscapeLeft UIInterfaceOrientationLandscapeRight";
				LD_RUNPATH_SEARCH_PATHS = (
					"$(inherited)",
					"@executable_path/Frameworks",
				);
				MARKETING_VERSION = 1.0;
				PRODUCT_BUNDLE_IDENTIFIER = "com.J-Min.AppStoreClone";
				PRODUCT_NAME = "$(TARGET_NAME)";
				SWIFT_EMIT_LOC_STRINGS = YES;
				SWIFT_VERSION = 5.0;
				TARGETED_DEVICE_FAMILY = "1,2";
			};
			name = Debug;
		};
		0E3A12DE284F074700B561F3 /* Release */ = {
			isa = XCBuildConfiguration;
			baseConfigurationReference = 423CF316F8DC677A316C24E6 /* Pods-AppStoreClone.release.xcconfig */;
			buildSettings = {
				ASSETCATALOG_COMPILER_APPICON_NAME = AppIcon;
				ASSETCATALOG_COMPILER_GLOBAL_ACCENT_COLOR_NAME = AccentColor;
				CODE_SIGN_STYLE = Automatic;
				CURRENT_PROJECT_VERSION = 1;
				DEVELOPMENT_TEAM = 8PRV428ULN;
				GENERATE_INFOPLIST_FILE = YES;
				INFOPLIST_FILE = AppStoreClone/Info.plist;
				INFOPLIST_KEY_UIApplicationSupportsIndirectInputEvents = YES;
				INFOPLIST_KEY_UILaunchStoryboardName = LaunchScreen;
				INFOPLIST_KEY_UISupportedInterfaceOrientations_iPad = "UIInterfaceOrientationPortrait UIInterfaceOrientationPortraitUpsideDown UIInterfaceOrientationLandscapeLeft UIInterfaceOrientationLandscapeRight";
				INFOPLIST_KEY_UISupportedInterfaceOrientations_iPhone = "UIInterfaceOrientationPortrait UIInterfaceOrientationLandscapeLeft UIInterfaceOrientationLandscapeRight";
				LD_RUNPATH_SEARCH_PATHS = (
					"$(inherited)",
					"@executable_path/Frameworks",
				);
				MARKETING_VERSION = 1.0;
				PRODUCT_BUNDLE_IDENTIFIER = "com.J-Min.AppStoreClone";
				PRODUCT_NAME = "$(TARGET_NAME)";
				SWIFT_EMIT_LOC_STRINGS = YES;
				SWIFT_VERSION = 5.0;
				TARGETED_DEVICE_FAMILY = "1,2";
			};
			name = Release;
		};
/* End XCBuildConfiguration section */

/* Begin XCConfigurationList section */
		0E3A12C3284F074600B561F3 /* Build configuration list for PBXProject "AppStoreClone" */ = {
			isa = XCConfigurationList;
			buildConfigurations = (
				0E3A12DA284F074700B561F3 /* Debug */,
				0E3A12DB284F074700B561F3 /* Release */,
			);
			defaultConfigurationIsVisible = 0;
			defaultConfigurationName = Release;
		};
		0E3A12DC284F074700B561F3 /* Build configuration list for PBXNativeTarget "AppStoreClone" */ = {
			isa = XCConfigurationList;
			buildConfigurations = (
				0E3A12DD284F074700B561F3 /* Debug */,
				0E3A12DE284F074700B561F3 /* Release */,
			);
			defaultConfigurationIsVisible = 0;
			defaultConfigurationName = Release;
		};
/* End XCConfigurationList section */
	};
	rootObject = 0E3A12C0284F074600B561F3 /* Project object */;
}
